
Microsoft Visual Studio Solution File, Format Version 12.00
# Visual Studio 2013
VisualStudioVersion = 12.0.30501.0
MinimumVisualStudioVersion = 10.0.40219.1
Project("{2150E333-8FDC-42A3-9474-1A3956D46DE8}") = "Solution Items", "Solution Items", "{6DD937A5-C131-4622-851D-A2281EDB136E}"
EndProject
Project("{2150E333-8FDC-42A3-9474-1A3956D46DE8}") = ".nuget", ".nuget", "{18C9143F-AD22-4503-A486-D286FB35643F}"
	ProjectSection(SolutionItems) = preProject
		.nuget\NuGet.exe = .nuget\NuGet.exe
		.nuget\NuGet.targets = .nuget\NuGet.targets
		.nuget\packages.config = .nuget\packages.config
	EndProjectSection
EndProject
Project("{FAE04EC0-301F-11D3-BF4B-00C04F79EFBC}") = "PersonalServiceBus.Contract", "PersonalServiceBus.Contract\PersonalServiceBus.Contract.csproj", "{D0501C0B-06B8-4720-A6C1-5F41B1B83F1A}"
EndProject
Project("{FAE04EC0-301F-11D3-BF4B-00C04F79EFBC}") = "PersonalServiceBus.RSS.Core", "PersonalServiceBus.RSS.Core\PersonalServiceBus.RSS.Core.csproj", "{90DC562F-D533-4B74-A4C3-3ED2B53031D4}"
EndProject
Project("{FAE04EC0-301F-11D3-BF4B-00C04F79EFBC}") = "PersonalServiceBus.RSS.Infrastructure", "PersonalServiceBus.RSS.Infrastructure\PersonalServiceBus.RSS.Infrastructure.csproj", "{9D2E2B5F-FC98-469D-88B7-E72904F17336}"
EndProject
Project("{FAE04EC0-301F-11D3-BF4B-00C04F79EFBC}") = "PersonalServiceBus.RSS.DependencyResolution", "PersonalServiceBus.RSS.DependencyResolution\PersonalServiceBus.RSS.DependencyResolution.csproj", "{9A03BC10-8F59-41DB-9E8B-EBBDDA95C4DC}"
EndProject
Project("{FAE04EC0-301F-11D3-BF4B-00C04F79EFBC}") = "PersonalServiceBus.RSS", "PersonalServiceBus.RSS\PersonalServiceBus.RSS.csproj", "{7323E199-1B5A-47FB-A466-A860EDDE6E71}"
EndProject
Project("{FAE04EC0-301F-11D3-BF4B-00C04F79EFBC}") = "PersonalServiceBus.RSS.Messages", "PersonalServiceBus.RSS.Messages\PersonalServiceBus.RSS.Messages.csproj", "{FE86ACE8-6126-4963-A6AF-F02BFD0E676A}"
EndProject
Project("{FAE04EC0-301F-11D3-BF4B-00C04F79EFBC}") = "PersonalServiceBus.RSS.Test.Unit", "PersonalServiceBus.RSS.Test.Unit\PersonalServiceBus.RSS.Test.Unit.csproj", "{4A25461C-C151-4E57-B56F-BB4F8BE00505}"
EndProject
Project("{FAE04EC0-301F-11D3-BF4B-00C04F79EFBC}") = "PersonalServiceBus.Hub", "PersonalServiceBus.Hub\PersonalServiceBus.Hub.csproj", "{44E39B3C-B45E-442D-B5E1-F62528A1FFE4}"
EndProject
Global
	GlobalSection(SolutionConfigurationPlatforms) = preSolution
		Debug|Any CPU = Debug|Any CPU
		Release|Any CPU = Release|Any CPU
	EndGlobalSection
	GlobalSection(ProjectConfigurationPlatforms) = postSolution
		{D0501C0B-06B8-4720-A6C1-5F41B1B83F1A}.Debug|Any CPU.ActiveCfg = Debug|Any CPU
		{D0501C0B-06B8-4720-A6C1-5F41B1B83F1A}.Debug|Any CPU.Build.0 = Debug|Any CPU
		{D0501C0B-06B8-4720-A6C1-5F41B1B83F1A}.Release|Any CPU.ActiveCfg = Release|Any CPU
		{D0501C0B-06B8-4720-A6C1-5F41B1B83F1A}.Release|Any CPU.Build.0 = Release|Any CPU
		{90DC562F-D533-4B74-A4C3-3ED2B53031D4}.Debug|Any CPU.ActiveCfg = Debug|Any CPU
		{90DC562F-D533-4B74-A4C3-3ED2B53031D4}.Debug|Any CPU.Build.0 = Debug|Any CPU
		{90DC562F-D533-4B74-A4C3-3ED2B53031D4}.Release|Any CPU.ActiveCfg = Release|Any CPU
		{90DC562F-D533-4B74-A4C3-3ED2B53031D4}.Release|Any CPU.Build.0 = Release|Any CPU
		{9D2E2B5F-FC98-469D-88B7-E72904F17336}.Debug|Any CPU.ActiveCfg = Debug|Any CPU
		{9D2E2B5F-FC98-469D-88B7-E72904F17336}.Debug|Any CPU.Build.0 = Debug|Any CPU
		{9D2E2B5F-FC98-469D-88B7-E72904F17336}.Release|Any CPU.ActiveCfg = Release|Any CPU
		{9D2E2B5F-FC98-469D-88B7-E72904F17336}.Release|Any CPU.Build.0 = Release|Any CPU
		{9A03BC10-8F59-41DB-9E8B-EBBDDA95C4DC}.Debug|Any CPU.ActiveCfg = Debug|Any CPU
		{9A03BC10-8F59-41DB-9E8B-EBBDDA95C4DC}.Debug|Any CPU.Build.0 = Debug|Any CPU
		{9A03BC10-8F59-41DB-9E8B-EBBDDA95C4DC}.Release|Any CPU.ActiveCfg = Release|Any CPU
		{9A03BC10-8F59-41DB-9E8B-EBBDDA95C4DC}.Release|Any CPU.Build.0 = Release|Any CPU
		{7323E199-1B5A-47FB-A466-A860EDDE6E71}.Debug|Any CPU.ActiveCfg = Debug|Any CPU
		{7323E199-1B5A-47FB-A466-A860EDDE6E71}.Debug|Any CPU.Build.0 = Debug|Any CPU
		{7323E199-1B5A-47FB-A466-A860EDDE6E71}.Release|Any CPU.ActiveCfg = Release|Any CPU
		{7323E199-1B5A-47FB-A466-A860EDDE6E71}.Release|Any CPU.Build.0 = Release|Any CPU
		{FE86ACE8-6126-4963-A6AF-F02BFD0E676A}.Debug|Any CPU.ActiveCfg = Debug|Any CPU
		{FE86ACE8-6126-4963-A6AF-F02BFD0E676A}.Debug|Any CPU.Build.0 = Debug|Any CPU
		{FE86ACE8-6126-4963-A6AF-F02BFD0E676A}.Release|Any CPU.ActiveCfg = Release|Any CPU
		{FE86ACE8-6126-4963-A6AF-F02BFD0E676A}.Release|Any CPU.Build.0 = Release|Any CPU
		{4A25461C-C151-4E57-B56F-BB4F8BE00505}.Debug|Any CPU.ActiveCfg = Debug|Any CPU
		{4A25461C-C151-4E57-B56F-BB4F8BE00505}.Debug|Any CPU.Build.0 = Debug|Any CPU
		{4A25461C-C151-4E57-B56F-BB4F8BE00505}.Release|Any CPU.ActiveCfg = Release|Any CPU
		{4A25461C-C151-4E57-B56F-BB4F8BE00505}.Release|Any CPU.Build.0 = Release|Any CPU
		{44E39B3C-B45E-442D-B5E1-F62528A1FFE4}.Debug|Any CPU.ActiveCfg = Debug|Any CPU
		{44E39B3C-B45E-442D-B5E1-F62528A1FFE4}.Debug|Any CPU.Build.0 = Debug|Any CPU
		{44E39B3C-B45E-442D-B5E1-F62528A1FFE4}.Release|Any CPU.ActiveCfg = Release|Any CPU
		{44E39B3C-B45E-442D-B5E1-F62528A1FFE4}.Release|Any CPU.Build.0 = Release|Any CPU
	EndGlobalSection
	GlobalSection(SolutionProperties) = preSolution
		HideSolutionNode = FALSE
	EndGlobalSection
EndGlobal
